PODS:
  - AEXML (2.0.0)
  - Alamofire (2.0.2)
  - NewRelicAgent (5.3.0)
  - Observable-Swift (0.4.2)

DEPENDENCIES:
  - AEXML
  - Alamofire (~> 2.0.2)
  - NewRelicAgent
  - Observable-Swift

SPEC CHECKSUMS:
  AEXML: 88014f770428bbcb1eedaa35f1e0b342c1f2b2d0
  Alamofire: 8edbab00802a752bb5240cc2abe70e7e881488ad
  NewRelicAgent: fea3ed94d4c363a5c94f811fd6eee3b6028128d0
  Observable-Swift: 25ddaa7e5735cbb03034e573c9f97f3feae5887c

COCOAPODS: 0.39.0.beta.4
